
Microsoft Visual Studio Solution File, Format Version 12.00
# Visual Studio Version 16
VisualStudioVersion = 16.0.30804.86
MinimumVisualStudioVersion = 10.0.40219.1
Project("{9A19103F-16F7-4668-BE54-9A1E7A4F7556}") = "OpenSleigh.Samples.Sample3.API", "OpenSleigh.Samples.Sample3.API\OpenSleigh.Samples.Sample3.API.csproj", "{A94C718C-3B49-4E67-BACB-4B6615C97839}"
EndProject
Project("{2150E333-8FDC-42A3-9474-1A3956D46DE8}") = "library", "library", "{179EFC5F-B0C8-4649-BF7C-24E9EBDFBBA8}"
EndProject
Project("{9A19103F-16F7-4668-BE54-9A1E7A4F7556}") = "OpenSleigh.Core", "..\..\src\OpenSleigh.Core\OpenSleigh.Core.csproj", "{CE375B34-1590-4544-9B33-70EF4C25D54C}"
EndProject
Project("{9A19103F-16F7-4668-BE54-9A1E7A4F7556}") = "OpenSleigh.Transport.RabbitMQ", "..\..\src\OpenSleigh.Transport.RabbitMQ\OpenSleigh.Transport.RabbitMQ.csproj", "{31E2559D-4E5C-4110-AA42-99F46DDCE7B3}"
EndProject
Project("{9A19103F-16F7-4668-BE54-9A1E7A4F7556}") = "OpenSleigh.Samples.Sample3.Worker", "OpenSleigh.Samples.Sample3.Worker\OpenSleigh.Samples.Sample3.Worker.csproj", "{3CCAD730-A162-42BC-BF64-307A964010DF}"
EndProject
Project("{9A19103F-16F7-4668-BE54-9A1E7A4F7556}") = "OpenSleigh.Samples.Sample3.Common", "OpenSleigh.Samples.Sample3.Common\OpenSleigh.Samples.Sample3.Common.csproj", "{42152DFE-AA8D-480A-BD57-B2D31A0DEC32}"
EndProject
Project("{9A19103F-16F7-4668-BE54-9A1E7A4F7556}") = "OpenSleigh.Persistence.SQL", "..\..\src\OpenSleigh.Persistence.SQL\OpenSleigh.Persistence.SQL.csproj", "{5242977B-11A8-48F3-BE45-63892666C81E}"
EndProject
Project("{9A19103F-16F7-4668-BE54-9A1E7A4F7556}") = "OpenSleigh.Persistence.SQLServer", "..\..\src\OpenSleigh.Persistence.SQLServer\OpenSleigh.Persistence.SQLServer.csproj", "{924DA7FF-5A89-4840-80AA-EBA266B3FD5B}"
EndProject
Global
	GlobalSection(SolutionConfigurationPlatforms) = preSolution
		Debug|Any CPU = Debug|Any CPU
		Release|Any CPU = Release|Any CPU
	EndGlobalSection
	GlobalSection(ProjectConfigurationPlatforms) = postSolution
		{A94C718C-3B49-4E67-BACB-4B6615C97839}.Debug|Any CPU.ActiveCfg = Debug|Any CPU
		{A94C718C-3B49-4E67-BACB-4B6615C97839}.Debug|Any CPU.Build.0 = Debug|Any CPU
		{A94C718C-3B49-4E67-BACB-4B6615C97839}.Release|Any CPU.ActiveCfg = Release|Any CPU
		{A94C718C-3B49-4E67-BACB-4B6615C97839}.Release|Any CPU.Build.0 = Release|Any CPU
		{CE375B34-1590-4544-9B33-70EF4C25D54C}.Debug|Any CPU.ActiveCfg = Debug|Any CPU
		{CE375B34-1590-4544-9B33-70EF4C25D54C}.Debug|Any CPU.Build.0 = Debug|Any CPU
		{CE375B34-1590-4544-9B33-70EF4C25D54C}.Release|Any CPU.ActiveCfg = Release|Any CPU
		{CE375B34-1590-4544-9B33-70EF4C25D54C}.Release|Any CPU.Build.0 = Release|Any CPU
		{31E2559D-4E5C-4110-AA42-99F46DDCE7B3}.Debug|Any CPU.ActiveCfg = Debug|Any CPU
		{31E2559D-4E5C-4110-AA42-99F46DDCE7B3}.Debug|Any CPU.Build.0 = Debug|Any CPU
		{31E2559D-4E5C-4110-AA42-99F46DDCE7B3}.Release|Any CPU.ActiveCfg = Release|Any CPU
		{31E2559D-4E5C-4110-AA42-99F46DDCE7B3}.Release|Any CPU.Build.0 = Release|Any CPU
		{3CCAD730-A162-42BC-BF64-307A964010DF}.Debug|Any CPU.ActiveCfg = Debug|Any CPU
		{3CCAD730-A162-42BC-BF64-307A964010DF}.Debug|Any CPU.Build.0 = Debug|Any CPU
		{3CCAD730-A162-42BC-BF64-307A964010DF}.Release|Any CPU.ActiveCfg = Release|Any CPU
		{3CCAD730-A162-42BC-BF64-307A964010DF}.Release|Any CPU.Build.0 = Release|Any CPU
		{42152DFE-AA8D-480A-BD57-B2D31A0DEC32}.Debug|Any CPU.ActiveCfg = Debug|Any CPU
		{42152DFE-AA8D-480A-BD57-B2D31A0DEC32}.Debug|Any CPU.Build.0 = Debug|Any CPU
		{42152DFE-AA8D-480A-BD57-B2D31A0DEC32}.Release|Any CPU.ActiveCfg = Release|Any CPU
		{42152DFE-AA8D-480A-BD57-B2D31A0DEC32}.Release|Any CPU.Build.0 = Release|Any CPU
		{5242977B-11A8-48F3-BE45-63892666C81E}.Debug|Any CPU.ActiveCfg = Debug|Any CPU
		{5242977B-11A8-48F3-BE45-63892666C81E}.Debug|Any CPU.Build.0 = Debug|Any CPU
		{5242977B-11A8-48F3-BE45-63892666C81E}.Release|Any CPU.ActiveCfg = Release|Any CPU
		{5242977B-11A8-48F3-BE45-63892666C81E}.Release|Any CPU.Build.0 = Release|Any CPU
		{924DA7FF-5A89-4840-80AA-EBA266B3FD5B}.Debug|Any CPU.ActiveCfg = Debug|Any CPU
		{924DA7FF-5A89-4840-80AA-EBA266B3FD5B}.Debug|Any CPU.Build.0 = Debug|Any CPU
		{924DA7FF-5A89-4840-80AA-EBA266B3FD5B}.Release|Any CPU.ActiveCfg = Release|Any CPU
		{924DA7FF-5A89-4840-80AA-EBA266B3FD5B}.Release|Any CPU.Build.0 = Release|Any CPU
	EndGlobalSection
	GlobalSection(SolutionProperties) = preSolution
		HideSolutionNode = FALSE
	EndGlobalSection
	GlobalSection(NestedProjects) = preSolution
		{CE375B34-1590-4544-9B33-70EF4C25D54C} = {179EFC5F-B0C8-4649-BF7C-24E9EBDFBBA8}
		{31E2559D-4E5C-4110-AA42-99F46DDCE7B3} = {179EFC5F-B0C8-4649-BF7C-24E9EBDFBBA8}
		{5242977B-11A8-48F3-BE45-63892666C81E} = {179EFC5F-B0C8-4649-BF7C-24E9EBDFBBA8}
		{924DA7FF-5A89-4840-80AA-EBA266B3FD5B} = {179EFC5F-B0C8-4649-BF7C-24E9EBDFBBA8}
	EndGlobalSection
	GlobalSection(ExtensibilityGlobals) = postSolution
		SolutionGuid = {BC78DE5A-D1CC-46D6-ADDA-3A8F41324E03}
	EndGlobalSection
EndGlobal
