
Microsoft Visual Studio Solution File, Format Version 12.00
# Visual Studio Version 17
VisualStudioVersion = 17.2.32802.462
MinimumVisualStudioVersion = 10.0.40219.1
Project("{9A19103F-16F7-4668-BE54-9A1E7A4F7556}") = "OpenSleigh.Samples.Sample3.API", "OpenSleigh.Samples.Sample3.API\OpenSleigh.Samples.Sample3.API.csproj", "{A94C718C-3B49-4E67-BACB-4B6615C97839}"
EndProject
Project("{9A19103F-16F7-4668-BE54-9A1E7A4F7556}") = "OpenSleigh.Samples.Sample3.Worker", "OpenSleigh.Samples.Sample3.Worker\OpenSleigh.Samples.Sample3.Worker.csproj", "{3CCAD730-A162-42BC-BF64-307A964010DF}"
EndProject
Project("{9A19103F-16F7-4668-BE54-9A1E7A4F7556}") = "OpenSleigh.Samples.Sample3.Common", "OpenSleigh.Samples.Sample3.Common\OpenSleigh.Samples.Sample3.Common.csproj", "{42152DFE-AA8D-480A-BD57-B2D31A0DEC32}"
EndProject
Global
	GlobalSection(SolutionConfigurationPlatforms) = preSolution
		Debug|Any CPU = Debug|Any CPU
		Release|Any CPU = Release|Any CPU
	EndGlobalSection
	GlobalSection(ProjectConfigurationPlatforms) = postSolution
		{A94C718C-3B49-4E67-BACB-4B6615C97839}.Debug|Any CPU.ActiveCfg = Debug|Any CPU
		{A94C718C-3B49-4E67-BACB-4B6615C97839}.Debug|Any CPU.Build.0 = Debug|Any CPU
		{A94C718C-3B49-4E67-BACB-4B6615C97839}.Release|Any CPU.ActiveCfg = Release|Any CPU
		{A94C718C-3B49-4E67-BACB-4B6615C97839}.Release|Any CPU.Build.0 = Release|Any CPU
		{3CCAD730-A162-42BC-BF64-307A964010DF}.Debug|Any CPU.ActiveCfg = Debug|Any CPU
		{3CCAD730-A162-42BC-BF64-307A964010DF}.Debug|Any CPU.Build.0 = Debug|Any CPU
		{3CCAD730-A162-42BC-BF64-307A964010DF}.Release|Any CPU.ActiveCfg = Release|Any CPU
		{3CCAD730-A162-42BC-BF64-307A964010DF}.Release|Any CPU.Build.0 = Release|Any CPU
		{42152DFE-AA8D-480A-BD57-B2D31A0DEC32}.Debug|Any CPU.ActiveCfg = Debug|Any CPU
		{42152DFE-AA8D-480A-BD57-B2D31A0DEC32}.Debug|Any CPU.Build.0 = Debug|Any CPU
		{42152DFE-AA8D-480A-BD57-B2D31A0DEC32}.Release|Any CPU.ActiveCfg = Release|Any CPU
		{42152DFE-AA8D-480A-BD57-B2D31A0DEC32}.Release|Any CPU.Build.0 = Release|Any CPU
	EndGlobalSection
	GlobalSection(SolutionProperties) = preSolution
		HideSolutionNode = FALSE
	EndGlobalSection
	GlobalSection(ExtensibilityGlobals) = postSolution
		SolutionGuid = {BC78DE5A-D1CC-46D6-ADDA-3A8F41324E03}
	EndGlobalSection
EndGlobal
