
Microsoft Visual Studio Solution File, Format Version 12.00
# Visual Studio Version 17
VisualStudioVersion = 17.0.32014.148
MinimumVisualStudioVersion = 10.0.40219.1
Project("{9A19103F-16F7-4668-BE54-9A1E7A4F7556}") = "OpenSleigh.Core", "src\OpenSleigh.Core\OpenSleigh.Core.csproj", "{82774D46-07E9-4A39-A987-D49CD1412DCE}"
EndProject
Project("{9A19103F-16F7-4668-BE54-9A1E7A4F7556}") = "OpenSleigh.Core.Tests", "tests\OpenSleigh.Core.Tests\OpenSleigh.Core.Tests.csproj", "{4AC0DD4D-CB5E-4BF2-87B5-442A06CF38B3}"
EndProject
Project("{9A19103F-16F7-4668-BE54-9A1E7A4F7556}") = "OpenSleigh.Persistence.InMemory", "src\OpenSleigh.Persistence.InMemory\OpenSleigh.Persistence.InMemory.csproj", "{1E8C0BF5-04DA-4228-9F78-C69E7EAE08F9}"
EndProject
Project("{9A19103F-16F7-4668-BE54-9A1E7A4F7556}") = "OpenSleigh.Persistence.InMemory.Tests", "tests\OpenSleigh.Persistence.InMemory.Tests\OpenSleigh.Persistence.InMemory.Tests.csproj", "{E7C7C0F4-CD99-4F97-A905-13EAABF10498}"
EndProject
Project("{2150E333-8FDC-42A3-9474-1A3956D46DE8}") = "Persistence", "Persistence", "{5594CC89-F905-46B2-B938-27B8050D9CA3}"
EndProject
Project("{9A19103F-16F7-4668-BE54-9A1E7A4F7556}") = "OpenSleigh.Persistence.Mongo", "src\OpenSleigh.Persistence.Mongo\OpenSleigh.Persistence.Mongo.csproj", "{FD1CCF1D-68C7-49D5-B3A2-E3D34F269B14}"
EndProject
Project("{9A19103F-16F7-4668-BE54-9A1E7A4F7556}") = "OpenSleigh.Persistence.Mongo.Tests", "tests\OpenSleigh.Persistence.Mongo.Tests\OpenSleigh.Persistence.Mongo.Tests.csproj", "{48BF1200-BAA2-48A7-B7DA-1FD0A070FF0E}"
EndProject
Project("{2150E333-8FDC-42A3-9474-1A3956D46DE8}") = "Transport", "Transport", "{86CDC8FD-5E6F-4F45-A073-9F2749192582}"
EndProject
Project("{9A19103F-16F7-4668-BE54-9A1E7A4F7556}") = "OpenSleigh.Transport.RabbitMQ", "src\OpenSleigh.Transport.RabbitMQ\OpenSleigh.Transport.RabbitMQ.csproj", "{01C17CD2-1927-4562-9ACF-9566D168096F}"
EndProject
Project("{9A19103F-16F7-4668-BE54-9A1E7A4F7556}") = "OpenSleigh.Transport.RabbitMQ.Tests", "tests\OpenSleigh.Transport.RabbitMQ.Tests\OpenSleigh.Transport.RabbitMQ.Tests.csproj", "{2E5F3E44-A3E7-429A-81BB-FC907F0D5377}"
EndProject
Project("{9A19103F-16F7-4668-BE54-9A1E7A4F7556}") = "OpenSleigh.Persistence.SQL", "src\OpenSleigh.Persistence.SQL\OpenSleigh.Persistence.SQL.csproj", "{5B2D9A6B-4ECA-4F73-B654-AEF16485935F}"
EndProject
Project("{9A19103F-16F7-4668-BE54-9A1E7A4F7556}") = "OpenSleigh.Transport.AzureServiceBus", "src\OpenSleigh.Transport.AzureServiceBus\OpenSleigh.Transport.AzureServiceBus.csproj", "{CA4B0C5D-200A-4D3D-8C5A-D0910E11585D}"
EndProject
Project("{9A19103F-16F7-4668-BE54-9A1E7A4F7556}") = "OpenSleigh.Transport.AzureServiceBus.Tests", "tests\OpenSleigh.Transport.AzureServiceBus.Tests\OpenSleigh.Transport.AzureServiceBus.Tests.csproj", "{483B93A9-3650-4823-ADE2-CA4A1B71EEF6}"
EndProject
Project("{9A19103F-16F7-4668-BE54-9A1E7A4F7556}") = "OpenSleigh.Persistence.Cosmos.Mongo", "src\OpenSleigh.Persistence.Cosmos.Mongo\OpenSleigh.Persistence.Cosmos.Mongo.csproj", "{EDF56F6E-BDB1-4EBB-AF83-2DB2A553C446}"
EndProject
Project("{9A19103F-16F7-4668-BE54-9A1E7A4F7556}") = "OpenSleigh.Persistence.Cosmos.Mongo.Tests", "tests\OpenSleigh.Persistence.Cosmos.Mongo.Tests\OpenSleigh.Persistence.Cosmos.Mongo.Tests.csproj", "{13805E00-0578-4E71-AB8B-0AAFCCFD3551}"
EndProject
Project("{9A19103F-16F7-4668-BE54-9A1E7A4F7556}") = "OpenSleigh.Persistence.Cosmos.SQL", "src\OpenSleigh.Persistence.Cosmos.SQL\OpenSleigh.Persistence.Cosmos.SQL.csproj", "{E367B2EF-2111-4BBB-B37F-0263559E5FD2}"
EndProject
Project("{9A19103F-16F7-4668-BE54-9A1E7A4F7556}") = "OpenSleigh.Persistence.Cosmos.SQL.Tests", "tests\OpenSleigh.Persistence.Cosmos.SQL.Tests\OpenSleigh.Persistence.Cosmos.SQL.Tests.csproj", "{08E996DB-3D0C-4A63-8166-BF61732D3B21}"
EndProject
Project("{9A19103F-16F7-4668-BE54-9A1E7A4F7556}") = "OpenSleigh.Transport.Kafka", "src\OpenSleigh.Transport.Kafka\OpenSleigh.Transport.Kafka.csproj", "{887358C5-9EFF-4498-A04B-E12B199EC259}"
EndProject
Project("{9A19103F-16F7-4668-BE54-9A1E7A4F7556}") = "OpenSleigh.Transport.Kafka.Tests", "tests\OpenSleigh.Transport.Kafka.Tests\OpenSleigh.Transport.Kafka.Tests.csproj", "{5B363808-664B-42F4-8C38-EEFB9F05C500}"
EndProject
Project("{9A19103F-16F7-4668-BE54-9A1E7A4F7556}") = "OpenSleigh.E2ETests", "tests\OpenSleigh.E2ETests\OpenSleigh.E2ETests.csproj", "{A14A1452-A758-4CF3-83CC-E1C6897D83ED}"
EndProject
Project("{9A19103F-16F7-4668-BE54-9A1E7A4F7556}") = "OpenSleigh.Persistence.SQLServer", "src\OpenSleigh.Persistence.SQLServer\OpenSleigh.Persistence.SQLServer.csproj", "{15544C68-7A1C-4F41-AD4F-595DFE997AAC}"
EndProject
Project("{9A19103F-16F7-4668-BE54-9A1E7A4F7556}") = "OpenSleigh.Persistence.SQLServer.Tests", "tests\OpenSleigh.Persistence.SQLServer.Tests\OpenSleigh.Persistence.SQLServer.Tests.csproj", "{83F286E7-8BD4-4465-8B76-09D30E014108}"
EndProject
Project("{9A19103F-16F7-4668-BE54-9A1E7A4F7556}") = "OpenSleigh.Persistence.PostgreSQL", "src\OpenSleigh.Persistence.PostgreSQL\OpenSleigh.Persistence.PostgreSQL.csproj", "{56C15EFB-B1DD-45DC-B064-E562C7843FFB}"
EndProject
Project("{9A19103F-16F7-4668-BE54-9A1E7A4F7556}") = "OpenSleigh.Persistence.PostgreSQL.Tests", "tests\OpenSleigh.Persistence.PostgreSQL.Tests\OpenSleigh.Persistence.PostgreSQL.Tests.csproj", "{A3E8A482-89F7-45BA-B4F0-E2EBFA020FFE}"
EndProject
Project("{9A19103F-16F7-4668-BE54-9A1E7A4F7556}") = "OpenSleigh.Persistence.SQL.Tests", "tests\OpenSleigh.Persistence.SQL.Tests\OpenSleigh.Persistence.SQL.Tests.csproj", "{54D55A70-20E1-4480-BECB-16E3937D97D7}"
EndProject
Project("{FAE04EC0-301F-11D3-BF4B-00C04F79EFBC}") = "OpenSleigh.Abstractions", "src\OpenSleigh.Abstractions\OpenSleigh.Abstractions.csproj", "{5D55ADA4-06CD-4311-99D7-A8221251B031}"
EndProject
Global
	GlobalSection(SolutionConfigurationPlatforms) = preSolution
		Debug|Any CPU = Debug|Any CPU
		Release|Any CPU = Release|Any CPU
	EndGlobalSection
	GlobalSection(ProjectConfigurationPlatforms) = postSolution
		{82774D46-07E9-4A39-A987-D49CD1412DCE}.Debug|Any CPU.ActiveCfg = Debug|Any CPU
		{82774D46-07E9-4A39-A987-D49CD1412DCE}.Debug|Any CPU.Build.0 = Debug|Any CPU
		{82774D46-07E9-4A39-A987-D49CD1412DCE}.Release|Any CPU.ActiveCfg = Release|Any CPU
		{82774D46-07E9-4A39-A987-D49CD1412DCE}.Release|Any CPU.Build.0 = Release|Any CPU
		{4AC0DD4D-CB5E-4BF2-87B5-442A06CF38B3}.Debug|Any CPU.ActiveCfg = Debug|Any CPU
		{4AC0DD4D-CB5E-4BF2-87B5-442A06CF38B3}.Debug|Any CPU.Build.0 = Debug|Any CPU
		{4AC0DD4D-CB5E-4BF2-87B5-442A06CF38B3}.Release|Any CPU.ActiveCfg = Release|Any CPU
		{4AC0DD4D-CB5E-4BF2-87B5-442A06CF38B3}.Release|Any CPU.Build.0 = Release|Any CPU
		{1E8C0BF5-04DA-4228-9F78-C69E7EAE08F9}.Debug|Any CPU.ActiveCfg = Debug|Any CPU
		{1E8C0BF5-04DA-4228-9F78-C69E7EAE08F9}.Debug|Any CPU.Build.0 = Debug|Any CPU
		{1E8C0BF5-04DA-4228-9F78-C69E7EAE08F9}.Release|Any CPU.ActiveCfg = Release|Any CPU
		{1E8C0BF5-04DA-4228-9F78-C69E7EAE08F9}.Release|Any CPU.Build.0 = Release|Any CPU
		{E7C7C0F4-CD99-4F97-A905-13EAABF10498}.Debug|Any CPU.ActiveCfg = Debug|Any CPU
		{E7C7C0F4-CD99-4F97-A905-13EAABF10498}.Debug|Any CPU.Build.0 = Debug|Any CPU
		{E7C7C0F4-CD99-4F97-A905-13EAABF10498}.Release|Any CPU.ActiveCfg = Release|Any CPU
		{E7C7C0F4-CD99-4F97-A905-13EAABF10498}.Release|Any CPU.Build.0 = Release|Any CPU
		{FD1CCF1D-68C7-49D5-B3A2-E3D34F269B14}.Debug|Any CPU.ActiveCfg = Debug|Any CPU
		{FD1CCF1D-68C7-49D5-B3A2-E3D34F269B14}.Debug|Any CPU.Build.0 = Debug|Any CPU
		{FD1CCF1D-68C7-49D5-B3A2-E3D34F269B14}.Release|Any CPU.ActiveCfg = Release|Any CPU
		{FD1CCF1D-68C7-49D5-B3A2-E3D34F269B14}.Release|Any CPU.Build.0 = Release|Any CPU
		{48BF1200-BAA2-48A7-B7DA-1FD0A070FF0E}.Debug|Any CPU.ActiveCfg = Debug|Any CPU
		{48BF1200-BAA2-48A7-B7DA-1FD0A070FF0E}.Debug|Any CPU.Build.0 = Debug|Any CPU
		{48BF1200-BAA2-48A7-B7DA-1FD0A070FF0E}.Release|Any CPU.ActiveCfg = Release|Any CPU
		{48BF1200-BAA2-48A7-B7DA-1FD0A070FF0E}.Release|Any CPU.Build.0 = Release|Any CPU
		{01C17CD2-1927-4562-9ACF-9566D168096F}.Debug|Any CPU.ActiveCfg = Debug|Any CPU
		{01C17CD2-1927-4562-9ACF-9566D168096F}.Debug|Any CPU.Build.0 = Debug|Any CPU
		{01C17CD2-1927-4562-9ACF-9566D168096F}.Release|Any CPU.ActiveCfg = Release|Any CPU
		{01C17CD2-1927-4562-9ACF-9566D168096F}.Release|Any CPU.Build.0 = Release|Any CPU
		{2E5F3E44-A3E7-429A-81BB-FC907F0D5377}.Debug|Any CPU.ActiveCfg = Debug|Any CPU
		{2E5F3E44-A3E7-429A-81BB-FC907F0D5377}.Debug|Any CPU.Build.0 = Debug|Any CPU
		{2E5F3E44-A3E7-429A-81BB-FC907F0D5377}.Release|Any CPU.ActiveCfg = Release|Any CPU
		{2E5F3E44-A3E7-429A-81BB-FC907F0D5377}.Release|Any CPU.Build.0 = Release|Any CPU
		{5B2D9A6B-4ECA-4F73-B654-AEF16485935F}.Debug|Any CPU.ActiveCfg = Debug|Any CPU
		{5B2D9A6B-4ECA-4F73-B654-AEF16485935F}.Debug|Any CPU.Build.0 = Debug|Any CPU
		{5B2D9A6B-4ECA-4F73-B654-AEF16485935F}.Release|Any CPU.ActiveCfg = Release|Any CPU
		{5B2D9A6B-4ECA-4F73-B654-AEF16485935F}.Release|Any CPU.Build.0 = Release|Any CPU
		{CA4B0C5D-200A-4D3D-8C5A-D0910E11585D}.Debug|Any CPU.ActiveCfg = Debug|Any CPU
		{CA4B0C5D-200A-4D3D-8C5A-D0910E11585D}.Debug|Any CPU.Build.0 = Debug|Any CPU
		{CA4B0C5D-200A-4D3D-8C5A-D0910E11585D}.Release|Any CPU.ActiveCfg = Release|Any CPU
		{CA4B0C5D-200A-4D3D-8C5A-D0910E11585D}.Release|Any CPU.Build.0 = Release|Any CPU
		{483B93A9-3650-4823-ADE2-CA4A1B71EEF6}.Debug|Any CPU.ActiveCfg = Debug|Any CPU
		{483B93A9-3650-4823-ADE2-CA4A1B71EEF6}.Debug|Any CPU.Build.0 = Debug|Any CPU
		{483B93A9-3650-4823-ADE2-CA4A1B71EEF6}.Release|Any CPU.ActiveCfg = Release|Any CPU
		{483B93A9-3650-4823-ADE2-CA4A1B71EEF6}.Release|Any CPU.Build.0 = Release|Any CPU
		{EDF56F6E-BDB1-4EBB-AF83-2DB2A553C446}.Debug|Any CPU.ActiveCfg = Debug|Any CPU
		{EDF56F6E-BDB1-4EBB-AF83-2DB2A553C446}.Debug|Any CPU.Build.0 = Debug|Any CPU
		{EDF56F6E-BDB1-4EBB-AF83-2DB2A553C446}.Release|Any CPU.ActiveCfg = Release|Any CPU
		{EDF56F6E-BDB1-4EBB-AF83-2DB2A553C446}.Release|Any CPU.Build.0 = Release|Any CPU
		{13805E00-0578-4E71-AB8B-0AAFCCFD3551}.Debug|Any CPU.ActiveCfg = Debug|Any CPU
		{13805E00-0578-4E71-AB8B-0AAFCCFD3551}.Debug|Any CPU.Build.0 = Debug|Any CPU
		{13805E00-0578-4E71-AB8B-0AAFCCFD3551}.Release|Any CPU.ActiveCfg = Release|Any CPU
		{13805E00-0578-4E71-AB8B-0AAFCCFD3551}.Release|Any CPU.Build.0 = Release|Any CPU
		{E367B2EF-2111-4BBB-B37F-0263559E5FD2}.Debug|Any CPU.ActiveCfg = Debug|Any CPU
		{E367B2EF-2111-4BBB-B37F-0263559E5FD2}.Debug|Any CPU.Build.0 = Debug|Any CPU
		{E367B2EF-2111-4BBB-B37F-0263559E5FD2}.Release|Any CPU.ActiveCfg = Release|Any CPU
		{E367B2EF-2111-4BBB-B37F-0263559E5FD2}.Release|Any CPU.Build.0 = Release|Any CPU
		{08E996DB-3D0C-4A63-8166-BF61732D3B21}.Debug|Any CPU.ActiveCfg = Debug|Any CPU
		{08E996DB-3D0C-4A63-8166-BF61732D3B21}.Debug|Any CPU.Build.0 = Debug|Any CPU
		{08E996DB-3D0C-4A63-8166-BF61732D3B21}.Release|Any CPU.ActiveCfg = Release|Any CPU
		{08E996DB-3D0C-4A63-8166-BF61732D3B21}.Release|Any CPU.Build.0 = Release|Any CPU
		{887358C5-9EFF-4498-A04B-E12B199EC259}.Debug|Any CPU.ActiveCfg = Debug|Any CPU
		{887358C5-9EFF-4498-A04B-E12B199EC259}.Debug|Any CPU.Build.0 = Debug|Any CPU
		{887358C5-9EFF-4498-A04B-E12B199EC259}.Release|Any CPU.ActiveCfg = Release|Any CPU
		{887358C5-9EFF-4498-A04B-E12B199EC259}.Release|Any CPU.Build.0 = Release|Any CPU
		{5B363808-664B-42F4-8C38-EEFB9F05C500}.Debug|Any CPU.ActiveCfg = Debug|Any CPU
		{5B363808-664B-42F4-8C38-EEFB9F05C500}.Debug|Any CPU.Build.0 = Debug|Any CPU
		{5B363808-664B-42F4-8C38-EEFB9F05C500}.Release|Any CPU.ActiveCfg = Release|Any CPU
		{5B363808-664B-42F4-8C38-EEFB9F05C500}.Release|Any CPU.Build.0 = Release|Any CPU
		{A14A1452-A758-4CF3-83CC-E1C6897D83ED}.Debug|Any CPU.ActiveCfg = Debug|Any CPU
		{A14A1452-A758-4CF3-83CC-E1C6897D83ED}.Debug|Any CPU.Build.0 = Debug|Any CPU
		{A14A1452-A758-4CF3-83CC-E1C6897D83ED}.Release|Any CPU.ActiveCfg = Release|Any CPU
		{A14A1452-A758-4CF3-83CC-E1C6897D83ED}.Release|Any CPU.Build.0 = Release|Any CPU
		{15544C68-7A1C-4F41-AD4F-595DFE997AAC}.Debug|Any CPU.ActiveCfg = Debug|Any CPU
		{15544C68-7A1C-4F41-AD4F-595DFE997AAC}.Debug|Any CPU.Build.0 = Debug|Any CPU
		{15544C68-7A1C-4F41-AD4F-595DFE997AAC}.Release|Any CPU.ActiveCfg = Release|Any CPU
		{15544C68-7A1C-4F41-AD4F-595DFE997AAC}.Release|Any CPU.Build.0 = Release|Any CPU
		{83F286E7-8BD4-4465-8B76-09D30E014108}.Debug|Any CPU.ActiveCfg = Debug|Any CPU
		{83F286E7-8BD4-4465-8B76-09D30E014108}.Debug|Any CPU.Build.0 = Debug|Any CPU
		{83F286E7-8BD4-4465-8B76-09D30E014108}.Release|Any CPU.ActiveCfg = Release|Any CPU
		{83F286E7-8BD4-4465-8B76-09D30E014108}.Release|Any CPU.Build.0 = Release|Any CPU
		{56C15EFB-B1DD-45DC-B064-E562C7843FFB}.Debug|Any CPU.ActiveCfg = Debug|Any CPU
		{56C15EFB-B1DD-45DC-B064-E562C7843FFB}.Debug|Any CPU.Build.0 = Debug|Any CPU
		{56C15EFB-B1DD-45DC-B064-E562C7843FFB}.Release|Any CPU.ActiveCfg = Release|Any CPU
		{56C15EFB-B1DD-45DC-B064-E562C7843FFB}.Release|Any CPU.Build.0 = Release|Any CPU
		{A3E8A482-89F7-45BA-B4F0-E2EBFA020FFE}.Debug|Any CPU.ActiveCfg = Debug|Any CPU
		{A3E8A482-89F7-45BA-B4F0-E2EBFA020FFE}.Debug|Any CPU.Build.0 = Debug|Any CPU
		{A3E8A482-89F7-45BA-B4F0-E2EBFA020FFE}.Release|Any CPU.ActiveCfg = Release|Any CPU
		{A3E8A482-89F7-45BA-B4F0-E2EBFA020FFE}.Release|Any CPU.Build.0 = Release|Any CPU
		{54D55A70-20E1-4480-BECB-16E3937D97D7}.Debug|Any CPU.ActiveCfg = Debug|Any CPU
		{54D55A70-20E1-4480-BECB-16E3937D97D7}.Debug|Any CPU.Build.0 = Debug|Any CPU
		{54D55A70-20E1-4480-BECB-16E3937D97D7}.Release|Any CPU.ActiveCfg = Release|Any CPU
		{54D55A70-20E1-4480-BECB-16E3937D97D7}.Release|Any CPU.Build.0 = Release|Any CPU
		{5D55ADA4-06CD-4311-99D7-A8221251B031}.Debug|Any CPU.ActiveCfg = Debug|Any CPU
		{5D55ADA4-06CD-4311-99D7-A8221251B031}.Debug|Any CPU.Build.0 = Debug|Any CPU
		{5D55ADA4-06CD-4311-99D7-A8221251B031}.Release|Any CPU.ActiveCfg = Release|Any CPU
		{5D55ADA4-06CD-4311-99D7-A8221251B031}.Release|Any CPU.Build.0 = Release|Any CPU
	EndGlobalSection
	GlobalSection(SolutionProperties) = preSolution
		HideSolutionNode = FALSE
	EndGlobalSection
	GlobalSection(NestedProjects) = preSolution
		{1E8C0BF5-04DA-4228-9F78-C69E7EAE08F9} = {5594CC89-F905-46B2-B938-27B8050D9CA3}
		{E7C7C0F4-CD99-4F97-A905-13EAABF10498} = {5594CC89-F905-46B2-B938-27B8050D9CA3}
		{FD1CCF1D-68C7-49D5-B3A2-E3D34F269B14} = {5594CC89-F905-46B2-B938-27B8050D9CA3}
		{48BF1200-BAA2-48A7-B7DA-1FD0A070FF0E} = {5594CC89-F905-46B2-B938-27B8050D9CA3}
		{01C17CD2-1927-4562-9ACF-9566D168096F} = {86CDC8FD-5E6F-4F45-A073-9F2749192582}
		{2E5F3E44-A3E7-429A-81BB-FC907F0D5377} = {86CDC8FD-5E6F-4F45-A073-9F2749192582}
		{5B2D9A6B-4ECA-4F73-B654-AEF16485935F} = {5594CC89-F905-46B2-B938-27B8050D9CA3}
		{CA4B0C5D-200A-4D3D-8C5A-D0910E11585D} = {86CDC8FD-5E6F-4F45-A073-9F2749192582}
		{483B93A9-3650-4823-ADE2-CA4A1B71EEF6} = {86CDC8FD-5E6F-4F45-A073-9F2749192582}
		{EDF56F6E-BDB1-4EBB-AF83-2DB2A553C446} = {5594CC89-F905-46B2-B938-27B8050D9CA3}
		{13805E00-0578-4E71-AB8B-0AAFCCFD3551} = {5594CC89-F905-46B2-B938-27B8050D9CA3}
		{E367B2EF-2111-4BBB-B37F-0263559E5FD2} = {5594CC89-F905-46B2-B938-27B8050D9CA3}
		{08E996DB-3D0C-4A63-8166-BF61732D3B21} = {5594CC89-F905-46B2-B938-27B8050D9CA3}
		{887358C5-9EFF-4498-A04B-E12B199EC259} = {86CDC8FD-5E6F-4F45-A073-9F2749192582}
		{5B363808-664B-42F4-8C38-EEFB9F05C500} = {86CDC8FD-5E6F-4F45-A073-9F2749192582}
		{15544C68-7A1C-4F41-AD4F-595DFE997AAC} = {5594CC89-F905-46B2-B938-27B8050D9CA3}
		{83F286E7-8BD4-4465-8B76-09D30E014108} = {5594CC89-F905-46B2-B938-27B8050D9CA3}
		{56C15EFB-B1DD-45DC-B064-E562C7843FFB} = {5594CC89-F905-46B2-B938-27B8050D9CA3}
		{A3E8A482-89F7-45BA-B4F0-E2EBFA020FFE} = {5594CC89-F905-46B2-B938-27B8050D9CA3}
		{54D55A70-20E1-4480-BECB-16E3937D97D7} = {5594CC89-F905-46B2-B938-27B8050D9CA3}
	EndGlobalSection
	GlobalSection(ExtensibilityGlobals) = postSolution
		SolutionGuid = {D5297242-16B4-43D7-B329-362EBCE2A5A5}
	EndGlobalSection
EndGlobal
