
Microsoft Visual Studio Solution File, Format Version 12.00
# Visual Studio Version 16
VisualStudioVersion = 16.0.30804.86
MinimumVisualStudioVersion = 10.0.40219.1
Project("{9A19103F-16F7-4668-BE54-9A1E7A4F7556}") = "OpenSleigh.Core", "src\OpenSleigh.Core\OpenSleigh.Core.csproj", "{82774D46-07E9-4A39-A987-D49CD1412DCE}"
EndProject
Project("{9A19103F-16F7-4668-BE54-9A1E7A4F7556}") = "OpenSleigh.Core.Tests", "tests\OpenSleigh.Core.Tests\OpenSleigh.Core.Tests.csproj", "{4AC0DD4D-CB5E-4BF2-87B5-442A06CF38B3}"
EndProject
Project("{9A19103F-16F7-4668-BE54-9A1E7A4F7556}") = "OpenSleigh.Persistence.InMemory", "src\OpenSleigh.Persistence.InMemory\OpenSleigh.Persistence.InMemory.csproj", "{1E8C0BF5-04DA-4228-9F78-C69E7EAE08F9}"
EndProject
Project("{9A19103F-16F7-4668-BE54-9A1E7A4F7556}") = "OpenSleigh.Persistence.InMemory.Tests", "tests\OpenSleigh.Persistence.InMemory.Tests\OpenSleigh.Persistence.InMemory.Tests.csproj", "{E7C7C0F4-CD99-4F97-A905-13EAABF10498}"
EndProject
Project("{2150E333-8FDC-42A3-9474-1A3956D46DE8}") = "Persistence", "Persistence", "{5594CC89-F905-46B2-B938-27B8050D9CA3}"
EndProject
Project("{9A19103F-16F7-4668-BE54-9A1E7A4F7556}") = "OpenSleigh.Persistence.Mongo", "src\OpenSleigh.Persistence.Mongo\OpenSleigh.Persistence.Mongo.csproj", "{FD1CCF1D-68C7-49D5-B3A2-E3D34F269B14}"
EndProject
Project("{9A19103F-16F7-4668-BE54-9A1E7A4F7556}") = "OpenSleigh.Persistence.Mongo.Tests", "tests\OpenSleigh.Persistence.Mongo.Tests\OpenSleigh.Persistence.Mongo.Tests.csproj", "{48BF1200-BAA2-48A7-B7DA-1FD0A070FF0E}"
EndProject
Project("{2150E333-8FDC-42A3-9474-1A3956D46DE8}") = "Transport", "Transport", "{86CDC8FD-5E6F-4F45-A073-9F2749192582}"
EndProject
Project("{9A19103F-16F7-4668-BE54-9A1E7A4F7556}") = "OpenSleigh.Transport.RabbitMQ", "src\OpenSleigh.Transport.RabbitMQ\OpenSleigh.Transport.RabbitMQ.csproj", "{01C17CD2-1927-4562-9ACF-9566D168096F}"
EndProject
Project("{9A19103F-16F7-4668-BE54-9A1E7A4F7556}") = "OpenSleigh.Transport.RabbitMQ.Tests", "tests\OpenSleigh.Transport.RabbitMQ.Tests\OpenSleigh.Transport.RabbitMQ.Tests.csproj", "{2E5F3E44-A3E7-429A-81BB-FC907F0D5377}"
EndProject
Project("{9A19103F-16F7-4668-BE54-9A1E7A4F7556}") = "OpenSleigh.Persistence.SQL", "src\OpenSleigh.Persistence.SQL\OpenSleigh.Persistence.SQL.csproj", "{5B2D9A6B-4ECA-4F73-B654-AEF16485935F}"
EndProject
Project("{9A19103F-16F7-4668-BE54-9A1E7A4F7556}") = "OpenSleigh.Persistence.SQL.Tests", "tests\OpenSleigh.Persistence.SQL.Tests\OpenSleigh.Persistence.SQL.Tests.csproj", "{0799A41D-483D-412C-BD10-E2BB3FB907E4}"
EndProject
Global
	GlobalSection(SolutionConfigurationPlatforms) = preSolution
		Debug|Any CPU = Debug|Any CPU
		Release|Any CPU = Release|Any CPU
	EndGlobalSection
	GlobalSection(ProjectConfigurationPlatforms) = postSolution
		{82774D46-07E9-4A39-A987-D49CD1412DCE}.Debug|Any CPU.ActiveCfg = Debug|Any CPU
		{82774D46-07E9-4A39-A987-D49CD1412DCE}.Debug|Any CPU.Build.0 = Debug|Any CPU
		{82774D46-07E9-4A39-A987-D49CD1412DCE}.Release|Any CPU.ActiveCfg = Release|Any CPU
		{82774D46-07E9-4A39-A987-D49CD1412DCE}.Release|Any CPU.Build.0 = Release|Any CPU
		{4AC0DD4D-CB5E-4BF2-87B5-442A06CF38B3}.Debug|Any CPU.ActiveCfg = Debug|Any CPU
		{4AC0DD4D-CB5E-4BF2-87B5-442A06CF38B3}.Debug|Any CPU.Build.0 = Debug|Any CPU
		{4AC0DD4D-CB5E-4BF2-87B5-442A06CF38B3}.Release|Any CPU.ActiveCfg = Release|Any CPU
		{4AC0DD4D-CB5E-4BF2-87B5-442A06CF38B3}.Release|Any CPU.Build.0 = Release|Any CPU
		{1E8C0BF5-04DA-4228-9F78-C69E7EAE08F9}.Debug|Any CPU.ActiveCfg = Debug|Any CPU
		{1E8C0BF5-04DA-4228-9F78-C69E7EAE08F9}.Debug|Any CPU.Build.0 = Debug|Any CPU
		{1E8C0BF5-04DA-4228-9F78-C69E7EAE08F9}.Release|Any CPU.ActiveCfg = Release|Any CPU
		{1E8C0BF5-04DA-4228-9F78-C69E7EAE08F9}.Release|Any CPU.Build.0 = Release|Any CPU
		{E7C7C0F4-CD99-4F97-A905-13EAABF10498}.Debug|Any CPU.ActiveCfg = Debug|Any CPU
		{E7C7C0F4-CD99-4F97-A905-13EAABF10498}.Debug|Any CPU.Build.0 = Debug|Any CPU
		{E7C7C0F4-CD99-4F97-A905-13EAABF10498}.Release|Any CPU.ActiveCfg = Release|Any CPU
		{E7C7C0F4-CD99-4F97-A905-13EAABF10498}.Release|Any CPU.Build.0 = Release|Any CPU
		{FD1CCF1D-68C7-49D5-B3A2-E3D34F269B14}.Debug|Any CPU.ActiveCfg = Debug|Any CPU
		{FD1CCF1D-68C7-49D5-B3A2-E3D34F269B14}.Debug|Any CPU.Build.0 = Debug|Any CPU
		{FD1CCF1D-68C7-49D5-B3A2-E3D34F269B14}.Release|Any CPU.ActiveCfg = Release|Any CPU
		{FD1CCF1D-68C7-49D5-B3A2-E3D34F269B14}.Release|Any CPU.Build.0 = Release|Any CPU
		{48BF1200-BAA2-48A7-B7DA-1FD0A070FF0E}.Debug|Any CPU.ActiveCfg = Debug|Any CPU
		{48BF1200-BAA2-48A7-B7DA-1FD0A070FF0E}.Debug|Any CPU.Build.0 = Debug|Any CPU
		{48BF1200-BAA2-48A7-B7DA-1FD0A070FF0E}.Release|Any CPU.ActiveCfg = Release|Any CPU
		{48BF1200-BAA2-48A7-B7DA-1FD0A070FF0E}.Release|Any CPU.Build.0 = Release|Any CPU
		{01C17CD2-1927-4562-9ACF-9566D168096F}.Debug|Any CPU.ActiveCfg = Debug|Any CPU
		{01C17CD2-1927-4562-9ACF-9566D168096F}.Debug|Any CPU.Build.0 = Debug|Any CPU
		{01C17CD2-1927-4562-9ACF-9566D168096F}.Release|Any CPU.ActiveCfg = Release|Any CPU
		{01C17CD2-1927-4562-9ACF-9566D168096F}.Release|Any CPU.Build.0 = Release|Any CPU
		{2E5F3E44-A3E7-429A-81BB-FC907F0D5377}.Debug|Any CPU.ActiveCfg = Debug|Any CPU
		{2E5F3E44-A3E7-429A-81BB-FC907F0D5377}.Debug|Any CPU.Build.0 = Debug|Any CPU
		{2E5F3E44-A3E7-429A-81BB-FC907F0D5377}.Release|Any CPU.ActiveCfg = Release|Any CPU
		{2E5F3E44-A3E7-429A-81BB-FC907F0D5377}.Release|Any CPU.Build.0 = Release|Any CPU
		{5B2D9A6B-4ECA-4F73-B654-AEF16485935F}.Debug|Any CPU.ActiveCfg = Debug|Any CPU
		{5B2D9A6B-4ECA-4F73-B654-AEF16485935F}.Debug|Any CPU.Build.0 = Debug|Any CPU
		{5B2D9A6B-4ECA-4F73-B654-AEF16485935F}.Release|Any CPU.ActiveCfg = Release|Any CPU
		{5B2D9A6B-4ECA-4F73-B654-AEF16485935F}.Release|Any CPU.Build.0 = Release|Any CPU
		{0799A41D-483D-412C-BD10-E2BB3FB907E4}.Debug|Any CPU.ActiveCfg = Debug|Any CPU
		{0799A41D-483D-412C-BD10-E2BB3FB907E4}.Debug|Any CPU.Build.0 = Debug|Any CPU
		{0799A41D-483D-412C-BD10-E2BB3FB907E4}.Release|Any CPU.ActiveCfg = Release|Any CPU
		{0799A41D-483D-412C-BD10-E2BB3FB907E4}.Release|Any CPU.Build.0 = Release|Any CPU
	EndGlobalSection
	GlobalSection(SolutionProperties) = preSolution
		HideSolutionNode = FALSE
	EndGlobalSection
	GlobalSection(NestedProjects) = preSolution
		{1E8C0BF5-04DA-4228-9F78-C69E7EAE08F9} = {5594CC89-F905-46B2-B938-27B8050D9CA3}
		{E7C7C0F4-CD99-4F97-A905-13EAABF10498} = {5594CC89-F905-46B2-B938-27B8050D9CA3}
		{FD1CCF1D-68C7-49D5-B3A2-E3D34F269B14} = {5594CC89-F905-46B2-B938-27B8050D9CA3}
		{48BF1200-BAA2-48A7-B7DA-1FD0A070FF0E} = {5594CC89-F905-46B2-B938-27B8050D9CA3}
		{01C17CD2-1927-4562-9ACF-9566D168096F} = {86CDC8FD-5E6F-4F45-A073-9F2749192582}
		{2E5F3E44-A3E7-429A-81BB-FC907F0D5377} = {86CDC8FD-5E6F-4F45-A073-9F2749192582}
		{5B2D9A6B-4ECA-4F73-B654-AEF16485935F} = {5594CC89-F905-46B2-B938-27B8050D9CA3}
		{0799A41D-483D-412C-BD10-E2BB3FB907E4} = {5594CC89-F905-46B2-B938-27B8050D9CA3}
	EndGlobalSection
	GlobalSection(ExtensibilityGlobals) = postSolution
		SolutionGuid = {D5297242-16B4-43D7-B329-362EBCE2A5A5}
	EndGlobalSection
EndGlobal
