
Microsoft Visual Studio Solution File, Format Version 12.00
# Visual Studio Version 16
VisualStudioVersion = 16.0.30804.86
MinimumVisualStudioVersion = 10.0.40219.1
Project("{9A19103F-16F7-4668-BE54-9A1E7A4F7556}") = "OpenSleigh.Core", "..\src\OpenSleigh.Core\OpenSleigh.Core.csproj", "{82774D46-07E9-4A39-A987-D49CD1412DCE}"
EndProject
Project("{9A19103F-16F7-4668-BE54-9A1E7A4F7556}") = "OpenSleigh.Persistence.InMemory", "..\src\OpenSleigh.Persistence.InMemory\OpenSleigh.Persistence.InMemory.csproj", "{1E8C0BF5-04DA-4228-9F78-C69E7EAE08F9}"
EndProject
Project("{2150E333-8FDC-42A3-9474-1A3956D46DE8}") = "Samples", "Samples", "{53721405-CDB0-425B-8B25-F9D02A2BA45E}"
EndProject
Project("{2150E333-8FDC-42A3-9474-1A3956D46DE8}") = "Persistence", "Persistence", "{5594CC89-F905-46B2-B938-27B8050D9CA3}"
EndProject
Project("{9A19103F-16F7-4668-BE54-9A1E7A4F7556}") = "OpenSleigh.Samples.Console", "OpenSleigh.Samples.Console\OpenSleigh.Samples.Console.csproj", "{F6023CA2-2CFA-496B-A4B6-4DF4A767A166}"
EndProject
Project("{9A19103F-16F7-4668-BE54-9A1E7A4F7556}") = "OpenSleigh.Persistence.Mongo", "..\src\OpenSleigh.Persistence.Mongo\OpenSleigh.Persistence.Mongo.csproj", "{FD1CCF1D-68C7-49D5-B3A2-E3D34F269B14}"
EndProject
Project("{2150E333-8FDC-42A3-9474-1A3956D46DE8}") = "library", "library", "{775A8A17-E723-42D9-BEA8-4A36A8FEEC84}"
EndProject
Project("{2150E333-8FDC-42A3-9474-1A3956D46DE8}") = "Transport", "Transport", "{415EF73F-D809-43CD-BFAE-41391F46370F}"
EndProject
Project("{9A19103F-16F7-4668-BE54-9A1E7A4F7556}") = "OpenSleigh.Transport.RabbitMQ", "..\src\OpenSleigh.Transport.RabbitMQ\OpenSleigh.Transport.RabbitMQ.csproj", "{950ED390-5FCC-48EF-B4A0-504F6B23291E}"
EndProject
Global
	GlobalSection(SolutionConfigurationPlatforms) = preSolution
		Debug|Any CPU = Debug|Any CPU
		Release|Any CPU = Release|Any CPU
	EndGlobalSection
	GlobalSection(ProjectConfigurationPlatforms) = postSolution
		{82774D46-07E9-4A39-A987-D49CD1412DCE}.Debug|Any CPU.ActiveCfg = Debug|Any CPU
		{82774D46-07E9-4A39-A987-D49CD1412DCE}.Debug|Any CPU.Build.0 = Debug|Any CPU
		{82774D46-07E9-4A39-A987-D49CD1412DCE}.Release|Any CPU.ActiveCfg = Release|Any CPU
		{82774D46-07E9-4A39-A987-D49CD1412DCE}.Release|Any CPU.Build.0 = Release|Any CPU
		{1E8C0BF5-04DA-4228-9F78-C69E7EAE08F9}.Debug|Any CPU.ActiveCfg = Debug|Any CPU
		{1E8C0BF5-04DA-4228-9F78-C69E7EAE08F9}.Debug|Any CPU.Build.0 = Debug|Any CPU
		{1E8C0BF5-04DA-4228-9F78-C69E7EAE08F9}.Release|Any CPU.ActiveCfg = Release|Any CPU
		{1E8C0BF5-04DA-4228-9F78-C69E7EAE08F9}.Release|Any CPU.Build.0 = Release|Any CPU
		{F6023CA2-2CFA-496B-A4B6-4DF4A767A166}.Debug|Any CPU.ActiveCfg = Debug|Any CPU
		{F6023CA2-2CFA-496B-A4B6-4DF4A767A166}.Debug|Any CPU.Build.0 = Debug|Any CPU
		{F6023CA2-2CFA-496B-A4B6-4DF4A767A166}.Release|Any CPU.ActiveCfg = Release|Any CPU
		{F6023CA2-2CFA-496B-A4B6-4DF4A767A166}.Release|Any CPU.Build.0 = Release|Any CPU
		{FD1CCF1D-68C7-49D5-B3A2-E3D34F269B14}.Debug|Any CPU.ActiveCfg = Debug|Any CPU
		{FD1CCF1D-68C7-49D5-B3A2-E3D34F269B14}.Debug|Any CPU.Build.0 = Debug|Any CPU
		{FD1CCF1D-68C7-49D5-B3A2-E3D34F269B14}.Release|Any CPU.ActiveCfg = Release|Any CPU
		{FD1CCF1D-68C7-49D5-B3A2-E3D34F269B14}.Release|Any CPU.Build.0 = Release|Any CPU
		{950ED390-5FCC-48EF-B4A0-504F6B23291E}.Debug|Any CPU.ActiveCfg = Debug|Any CPU
		{950ED390-5FCC-48EF-B4A0-504F6B23291E}.Debug|Any CPU.Build.0 = Debug|Any CPU
		{950ED390-5FCC-48EF-B4A0-504F6B23291E}.Release|Any CPU.ActiveCfg = Release|Any CPU
		{950ED390-5FCC-48EF-B4A0-504F6B23291E}.Release|Any CPU.Build.0 = Release|Any CPU
	EndGlobalSection
	GlobalSection(SolutionProperties) = preSolution
		HideSolutionNode = FALSE
	EndGlobalSection
	GlobalSection(NestedProjects) = preSolution
		{82774D46-07E9-4A39-A987-D49CD1412DCE} = {775A8A17-E723-42D9-BEA8-4A36A8FEEC84}
		{1E8C0BF5-04DA-4228-9F78-C69E7EAE08F9} = {5594CC89-F905-46B2-B938-27B8050D9CA3}
		{5594CC89-F905-46B2-B938-27B8050D9CA3} = {775A8A17-E723-42D9-BEA8-4A36A8FEEC84}
		{F6023CA2-2CFA-496B-A4B6-4DF4A767A166} = {53721405-CDB0-425B-8B25-F9D02A2BA45E}
		{FD1CCF1D-68C7-49D5-B3A2-E3D34F269B14} = {5594CC89-F905-46B2-B938-27B8050D9CA3}
		{415EF73F-D809-43CD-BFAE-41391F46370F} = {775A8A17-E723-42D9-BEA8-4A36A8FEEC84}
		{950ED390-5FCC-48EF-B4A0-504F6B23291E} = {415EF73F-D809-43CD-BFAE-41391F46370F}
	EndGlobalSection
	GlobalSection(ExtensibilityGlobals) = postSolution
		SolutionGuid = {D5297242-16B4-43D7-B329-362EBCE2A5A5}
	EndGlobalSection
EndGlobal
