
Microsoft Visual Studio Solution File, Format Version 12.00
# Visual Studio Version 16
VisualStudioVersion = 16.0.30804.86
MinimumVisualStudioVersion = 10.0.40219.1
Project("{9A19103F-16F7-4668-BE54-9A1E7A4F7556}") = "OpenSleigh.Samples.Sample10.API", "OpenSleigh.Samples.Sample10.API\OpenSleigh.Samples.Sample10.API.csproj", "{A94C718C-3B49-4E67-BACB-4B6615C97839}"
EndProject
Project("{2150E333-8FDC-42A3-9474-1A3956D46DE8}") = "library", "library", "{179EFC5F-B0C8-4649-BF7C-24E9EBDFBBA8}"
EndProject
Project("{9A19103F-16F7-4668-BE54-9A1E7A4F7556}") = "OpenSleigh.Core", "..\..\src\OpenSleigh.Core\OpenSleigh.Core.csproj", "{CE375B34-1590-4544-9B33-70EF4C25D54C}"
EndProject
Project("{9A19103F-16F7-4668-BE54-9A1E7A4F7556}") = "OpenSleigh.Transport.RabbitMQ", "..\..\src\OpenSleigh.Transport.RabbitMQ\OpenSleigh.Transport.RabbitMQ.csproj", "{31E2559D-4E5C-4110-AA42-99F46DDCE7B3}"
EndProject
Project("{9A19103F-16F7-4668-BE54-9A1E7A4F7556}") = "OpenSleigh.Samples.Sample10.Common", "OpenSleigh.Samples.Sample10.Common\OpenSleigh.Samples.Sample10.Common.csproj", "{42152DFE-AA8D-480A-BD57-B2D31A0DEC32}"
EndProject
Project("{9A19103F-16F7-4668-BE54-9A1E7A4F7556}") = "OpenSleigh.Persistence.SQL", "..\..\src\OpenSleigh.Persistence.SQL\OpenSleigh.Persistence.SQL.csproj", "{5242977B-11A8-48F3-BE45-63892666C81E}"
EndProject
Project("{9A19103F-16F7-4668-BE54-9A1E7A4F7556}") = "OpenSleigh.Samples.Sample10.Orchestrator", "OpenSleigh.Samples.Sample10.Orchestrator\OpenSleigh.Samples.Sample10.Orchestrator.csproj", "{67BB6227-719A-4B3E-952A-7F5B3FAB60E3}"
EndProject
Project("{9A19103F-16F7-4668-BE54-9A1E7A4F7556}") = "OpenSleigh.Samples.Sample10.PaymentService", "OpenSleigh.Samples.Sample10.PaymentService\OpenSleigh.Samples.Sample10.PaymentService.csproj", "{FFA3D34A-5F38-44FE-8C74-33CF681242A1}"
EndProject
Project("{9A19103F-16F7-4668-BE54-9A1E7A4F7556}") = "OpenSleigh.Samples.Sample10.ShippingService", "OpenSleigh.Samples.Sample10.ShippingService\OpenSleigh.Samples.Sample10.ShippingService.csproj", "{EE7BC61D-35BF-418D-A01A-786DF1B9B93E}"
EndProject
Project("{9A19103F-16F7-4668-BE54-9A1E7A4F7556}") = "OpenSleigh.Samples.Sample10.InventoryService", "OpenSleigh.Samples.Sample10.InventoryService\OpenSleigh.Samples.Sample10.InventoryService.csproj", "{78FC631B-514A-48F9-8E04-02204C1DB690}"
EndProject
Project("{9A19103F-16F7-4668-BE54-9A1E7A4F7556}") = "OpenSleigh.Samples.Sample10.NotificationsService", "OpenSleigh.Samples.Sample10.NotificationsService\OpenSleigh.Samples.Sample10.NotificationsService.csproj", "{A4AE7648-3038-4D61-8CDA-C50215FE4299}"
EndProject
Project("{9A19103F-16F7-4668-BE54-9A1E7A4F7556}") = "OpenSleigh.Persistence.PostgreSQL", "..\..\src\OpenSleigh.Persistence.PostgreSQL\OpenSleigh.Persistence.PostgreSQL.csproj", "{F6C1979B-8EBC-43C3-8D85-1E72D1254103}"
EndProject
Global
	GlobalSection(SolutionConfigurationPlatforms) = preSolution
		Debug|Any CPU = Debug|Any CPU
		Release|Any CPU = Release|Any CPU
	EndGlobalSection
	GlobalSection(ProjectConfigurationPlatforms) = postSolution
		{A94C718C-3B49-4E67-BACB-4B6615C97839}.Debug|Any CPU.ActiveCfg = Debug|Any CPU
		{A94C718C-3B49-4E67-BACB-4B6615C97839}.Debug|Any CPU.Build.0 = Debug|Any CPU
		{A94C718C-3B49-4E67-BACB-4B6615C97839}.Release|Any CPU.ActiveCfg = Release|Any CPU
		{A94C718C-3B49-4E67-BACB-4B6615C97839}.Release|Any CPU.Build.0 = Release|Any CPU
		{CE375B34-1590-4544-9B33-70EF4C25D54C}.Debug|Any CPU.ActiveCfg = Debug|Any CPU
		{CE375B34-1590-4544-9B33-70EF4C25D54C}.Debug|Any CPU.Build.0 = Debug|Any CPU
		{CE375B34-1590-4544-9B33-70EF4C25D54C}.Release|Any CPU.ActiveCfg = Release|Any CPU
		{CE375B34-1590-4544-9B33-70EF4C25D54C}.Release|Any CPU.Build.0 = Release|Any CPU
		{31E2559D-4E5C-4110-AA42-99F46DDCE7B3}.Debug|Any CPU.ActiveCfg = Debug|Any CPU
		{31E2559D-4E5C-4110-AA42-99F46DDCE7B3}.Debug|Any CPU.Build.0 = Debug|Any CPU
		{31E2559D-4E5C-4110-AA42-99F46DDCE7B3}.Release|Any CPU.ActiveCfg = Release|Any CPU
		{31E2559D-4E5C-4110-AA42-99F46DDCE7B3}.Release|Any CPU.Build.0 = Release|Any CPU
		{42152DFE-AA8D-480A-BD57-B2D31A0DEC32}.Debug|Any CPU.ActiveCfg = Debug|Any CPU
		{42152DFE-AA8D-480A-BD57-B2D31A0DEC32}.Debug|Any CPU.Build.0 = Debug|Any CPU
		{42152DFE-AA8D-480A-BD57-B2D31A0DEC32}.Release|Any CPU.ActiveCfg = Release|Any CPU
		{42152DFE-AA8D-480A-BD57-B2D31A0DEC32}.Release|Any CPU.Build.0 = Release|Any CPU
		{5242977B-11A8-48F3-BE45-63892666C81E}.Debug|Any CPU.ActiveCfg = Debug|Any CPU
		{5242977B-11A8-48F3-BE45-63892666C81E}.Debug|Any CPU.Build.0 = Debug|Any CPU
		{5242977B-11A8-48F3-BE45-63892666C81E}.Release|Any CPU.ActiveCfg = Release|Any CPU
		{5242977B-11A8-48F3-BE45-63892666C81E}.Release|Any CPU.Build.0 = Release|Any CPU
		{67BB6227-719A-4B3E-952A-7F5B3FAB60E3}.Debug|Any CPU.ActiveCfg = Debug|Any CPU
		{67BB6227-719A-4B3E-952A-7F5B3FAB60E3}.Debug|Any CPU.Build.0 = Debug|Any CPU
		{67BB6227-719A-4B3E-952A-7F5B3FAB60E3}.Release|Any CPU.ActiveCfg = Release|Any CPU
		{67BB6227-719A-4B3E-952A-7F5B3FAB60E3}.Release|Any CPU.Build.0 = Release|Any CPU
		{FFA3D34A-5F38-44FE-8C74-33CF681242A1}.Debug|Any CPU.ActiveCfg = Debug|Any CPU
		{FFA3D34A-5F38-44FE-8C74-33CF681242A1}.Debug|Any CPU.Build.0 = Debug|Any CPU
		{FFA3D34A-5F38-44FE-8C74-33CF681242A1}.Release|Any CPU.ActiveCfg = Release|Any CPU
		{FFA3D34A-5F38-44FE-8C74-33CF681242A1}.Release|Any CPU.Build.0 = Release|Any CPU
		{EE7BC61D-35BF-418D-A01A-786DF1B9B93E}.Debug|Any CPU.ActiveCfg = Debug|Any CPU
		{EE7BC61D-35BF-418D-A01A-786DF1B9B93E}.Debug|Any CPU.Build.0 = Debug|Any CPU
		{EE7BC61D-35BF-418D-A01A-786DF1B9B93E}.Release|Any CPU.ActiveCfg = Release|Any CPU
		{EE7BC61D-35BF-418D-A01A-786DF1B9B93E}.Release|Any CPU.Build.0 = Release|Any CPU
		{78FC631B-514A-48F9-8E04-02204C1DB690}.Debug|Any CPU.ActiveCfg = Debug|Any CPU
		{78FC631B-514A-48F9-8E04-02204C1DB690}.Debug|Any CPU.Build.0 = Debug|Any CPU
		{78FC631B-514A-48F9-8E04-02204C1DB690}.Release|Any CPU.ActiveCfg = Release|Any CPU
		{78FC631B-514A-48F9-8E04-02204C1DB690}.Release|Any CPU.Build.0 = Release|Any CPU
		{A4AE7648-3038-4D61-8CDA-C50215FE4299}.Debug|Any CPU.ActiveCfg = Debug|Any CPU
		{A4AE7648-3038-4D61-8CDA-C50215FE4299}.Debug|Any CPU.Build.0 = Debug|Any CPU
		{A4AE7648-3038-4D61-8CDA-C50215FE4299}.Release|Any CPU.ActiveCfg = Release|Any CPU
		{A4AE7648-3038-4D61-8CDA-C50215FE4299}.Release|Any CPU.Build.0 = Release|Any CPU
		{F6C1979B-8EBC-43C3-8D85-1E72D1254103}.Debug|Any CPU.ActiveCfg = Debug|Any CPU
		{F6C1979B-8EBC-43C3-8D85-1E72D1254103}.Debug|Any CPU.Build.0 = Debug|Any CPU
		{F6C1979B-8EBC-43C3-8D85-1E72D1254103}.Release|Any CPU.ActiveCfg = Release|Any CPU
		{F6C1979B-8EBC-43C3-8D85-1E72D1254103}.Release|Any CPU.Build.0 = Release|Any CPU
	EndGlobalSection
	GlobalSection(SolutionProperties) = preSolution
		HideSolutionNode = FALSE
	EndGlobalSection
	GlobalSection(NestedProjects) = preSolution
		{CE375B34-1590-4544-9B33-70EF4C25D54C} = {179EFC5F-B0C8-4649-BF7C-24E9EBDFBBA8}
		{31E2559D-4E5C-4110-AA42-99F46DDCE7B3} = {179EFC5F-B0C8-4649-BF7C-24E9EBDFBBA8}
		{5242977B-11A8-48F3-BE45-63892666C81E} = {179EFC5F-B0C8-4649-BF7C-24E9EBDFBBA8}
		{F6C1979B-8EBC-43C3-8D85-1E72D1254103} = {179EFC5F-B0C8-4649-BF7C-24E9EBDFBBA8}
	EndGlobalSection
	GlobalSection(ExtensibilityGlobals) = postSolution
		SolutionGuid = {BC78DE5A-D1CC-46D6-ADDA-3A8F41324E03}
	EndGlobalSection
EndGlobal
