
Microsoft Visual Studio Solution File, Format Version 12.00
# Visual Studio Version 17
VisualStudioVersion = 17.0.31710.8
MinimumVisualStudioVersion = 10.0.40219.1
Project("{9A19103F-16F7-4668-BE54-9A1E7A4F7556}") = "OpenSleigh.Core", "..\..\src\OpenSleigh.Core\OpenSleigh.Core.csproj", "{82774D46-07E9-4A39-A987-D49CD1412DCE}"
EndProject
Project("{9A19103F-16F7-4668-BE54-9A1E7A4F7556}") = "OpenSleigh.Persistence.InMemory", "..\..\src\OpenSleigh.Persistence.InMemory\OpenSleigh.Persistence.InMemory.csproj", "{1E8C0BF5-04DA-4228-9F78-C69E7EAE08F9}"
EndProject
Project("{9A19103F-16F7-4668-BE54-9A1E7A4F7556}") = "OpenSleigh.Samples.Sample1.Console", "OpenSleigh.Samples.Sample1.Console\OpenSleigh.Samples.Sample1.Console.csproj", "{F6023CA2-2CFA-496B-A4B6-4DF4A767A166}"
EndProject
Project("{2150E333-8FDC-42A3-9474-1A3956D46DE8}") = "library", "library", "{775A8A17-E723-42D9-BEA8-4A36A8FEEC84}"
EndProject
Project("{FAE04EC0-301F-11D3-BF4B-00C04F79EFBC}") = "OpenSleigh.Samples.Sample1.Console.Tests", "OpenSleigh.Samples.Sample1.Console.Tests\OpenSleigh.Samples.Sample1.Console.Tests.csproj", "{A0B0B975-EC69-4897-8147-03E77B599649}"
EndProject
Global
	GlobalSection(SolutionConfigurationPlatforms) = preSolution
		Debug|Any CPU = Debug|Any CPU
		Release|Any CPU = Release|Any CPU
	EndGlobalSection
	GlobalSection(ProjectConfigurationPlatforms) = postSolution
		{82774D46-07E9-4A39-A987-D49CD1412DCE}.Debug|Any CPU.ActiveCfg = Debug|Any CPU
		{82774D46-07E9-4A39-A987-D49CD1412DCE}.Debug|Any CPU.Build.0 = Debug|Any CPU
		{82774D46-07E9-4A39-A987-D49CD1412DCE}.Release|Any CPU.ActiveCfg = Release|Any CPU
		{82774D46-07E9-4A39-A987-D49CD1412DCE}.Release|Any CPU.Build.0 = Release|Any CPU
		{1E8C0BF5-04DA-4228-9F78-C69E7EAE08F9}.Debug|Any CPU.ActiveCfg = Debug|Any CPU
		{1E8C0BF5-04DA-4228-9F78-C69E7EAE08F9}.Debug|Any CPU.Build.0 = Debug|Any CPU
		{1E8C0BF5-04DA-4228-9F78-C69E7EAE08F9}.Release|Any CPU.ActiveCfg = Release|Any CPU
		{1E8C0BF5-04DA-4228-9F78-C69E7EAE08F9}.Release|Any CPU.Build.0 = Release|Any CPU
		{F6023CA2-2CFA-496B-A4B6-4DF4A767A166}.Debug|Any CPU.ActiveCfg = Debug|Any CPU
		{F6023CA2-2CFA-496B-A4B6-4DF4A767A166}.Debug|Any CPU.Build.0 = Debug|Any CPU
		{F6023CA2-2CFA-496B-A4B6-4DF4A767A166}.Release|Any CPU.ActiveCfg = Release|Any CPU
		{F6023CA2-2CFA-496B-A4B6-4DF4A767A166}.Release|Any CPU.Build.0 = Release|Any CPU
		{A0B0B975-EC69-4897-8147-03E77B599649}.Debug|Any CPU.ActiveCfg = Debug|Any CPU
		{A0B0B975-EC69-4897-8147-03E77B599649}.Debug|Any CPU.Build.0 = Debug|Any CPU
		{A0B0B975-EC69-4897-8147-03E77B599649}.Release|Any CPU.ActiveCfg = Release|Any CPU
		{A0B0B975-EC69-4897-8147-03E77B599649}.Release|Any CPU.Build.0 = Release|Any CPU
	EndGlobalSection
	GlobalSection(SolutionProperties) = preSolution
		HideSolutionNode = FALSE
	EndGlobalSection
	GlobalSection(NestedProjects) = preSolution
		{82774D46-07E9-4A39-A987-D49CD1412DCE} = {775A8A17-E723-42D9-BEA8-4A36A8FEEC84}
		{1E8C0BF5-04DA-4228-9F78-C69E7EAE08F9} = {775A8A17-E723-42D9-BEA8-4A36A8FEEC84}
	EndGlobalSection
	GlobalSection(ExtensibilityGlobals) = postSolution
		SolutionGuid = {D5297242-16B4-43D7-B329-362EBCE2A5A5}
	EndGlobalSection
EndGlobal
